// !$*UTF8*$!
{
	archiveVersion = 1;
	classes = {
	};
	objectVersion = 50;
	objects = {

/* Begin PBXBuildFile section */
		2A2AE7BA20C0E4FD00793A14 /* AppDelegate.swift in Sources */ = {isa = PBXBuildFile; fileRef = 2A2AE7B920C0E4FD00793A14 /* AppDelegate.swift */; };
		2A2AE7BC20C0E4FE00793A14 /* Assets.xcassets in Resources */ = {isa = PBXBuildFile; fileRef = 2A2AE7BB20C0E4FE00793A14 /* Assets.xcassets */; };
		2A2AE7BF20C0E4FE00793A14 /* MainMenu.xib in Resources */ = {isa = PBXBuildFile; fileRef = 2A2AE7BD20C0E4FE00793A14 /* MainMenu.xib */; };
		2A2AE7CB20C0E4FE00793A14 /* SymbolViewerTests.swift in Sources */ = {isa = PBXBuildFile; fileRef = 2A2AE7CA20C0E4FE00793A14 /* SymbolViewerTests.swift */; };
		2A2AE7D620C0E4FE00793A14 /* SymbolViewerUITests.swift in Sources */ = {isa = PBXBuildFile; fileRef = 2A2AE7D520C0E4FE00793A14 /* SymbolViewerUITests.swift */; };
		2A2AE7E420C0E65200793A14 /* SymbolLoader.swift in Sources */ = {isa = PBXBuildFile; fileRef = 2A2AE7E320C0E65200793A14 /* SymbolLoader.swift */; };
		2A2AE7E720C0E6A500793A14 /* VlinkSymbol.swift in Sources */ = {isa = PBXBuildFile; fileRef = 2A2AE7E620C0E6A500793A14 /* VlinkSymbol.swift */; };
		2A2AE7ED20C117AE00793A14 /* MainMenuWindow.swift in Sources */ = {isa = PBXBuildFile; fileRef = 2A2AE7EC20C117AE00793A14 /* MainMenuWindow.swift */; };
/* End PBXBuildFile section */

/* Begin PBXContainerItemProxy section */
		2A2AE7C720C0E4FE00793A14 /* PBXContainerItemProxy */ = {
			isa = PBXContainerItemProxy;
			containerPortal = 2A2AE7AE20C0E4FD00793A14 /* Project object */;
			proxyType = 1;
			remoteGlobalIDString = 2A2AE7B520C0E4FD00793A14;
			remoteInfo = SymbolViewer;
		};
		2A2AE7D220C0E4FE00793A14 /* PBXContainerItemProxy */ = {
			isa = PBXContainerItemProxy;
			containerPortal = 2A2AE7AE20C0E4FD00793A14 /* Project object */;
			proxyType = 1;
			remoteGlobalIDString = 2A2AE7B520C0E4FD00793A14;
			remoteInfo = SymbolViewer;
		};
/* End PBXContainerItemProxy section */

/* Begin PBXFileReference section */
		2A2AE7B620C0E4FD00793A14 /* SymbolViewer.app */ = {isa = PBXFileReference; explicitFileType = wrapper.application; includeInIndex = 0; path = SymbolViewer.app; sourceTree = BUILT_PRODUCTS_DIR; };
		2A2AE7B920C0E4FD00793A14 /* AppDelegate.swift */ = {isa = PBXFileReference; lastKnownFileType = sourcecode.swift; path = AppDelegate.swift; sourceTree = "<group>"; };
		2A2AE7BB20C0E4FE00793A14 /* Assets.xcassets */ = {isa = PBXFileReference; lastKnownFileType = folder.assetcatalog; path = Assets.xcassets; sourceTree = "<group>"; };
		2A2AE7BE20C0E4FE00793A14 /* Base */ = {isa = PBXFileReference; lastKnownFileType = file.xib; name = Base; path = Base.lproj/MainMenu.xib; sourceTree = "<group>"; };
		2A2AE7C020C0E4FE00793A14 /* Info.plist */ = {isa = PBXFileReference; lastKnownFileType = text.plist.xml; path = Info.plist; sourceTree = "<group>"; };
		2A2AE7C120C0E4FE00793A14 /* SymbolViewer.entitlements */ = {isa = PBXFileReference; lastKnownFileType = text.plist.entitlements; path = SymbolViewer.entitlements; sourceTree = "<group>"; };
		2A2AE7C620C0E4FE00793A14 /* SymbolViewerTests.xctest */ = {isa = PBXFileReference; explicitFileType = wrapper.cfbundle; includeInIndex = 0; path = SymbolViewerTests.xctest; sourceTree = BUILT_PRODUCTS_DIR; };
		2A2AE7CA20C0E4FE00793A14 /* SymbolViewerTests.swift */ = {isa = PBXFileReference; lastKnownFileType = sourcecode.swift; path = SymbolViewerTests.swift; sourceTree = "<group>"; };
		2A2AE7CC20C0E4FE00793A14 /* Info.plist */ = {isa = PBXFileReference; lastKnownFileType = text.plist.xml; path = Info.plist; sourceTree = "<group>"; };
		2A2AE7D120C0E4FE00793A14 /* SymbolViewerUITests.xctest */ = {isa = PBXFileReference; explicitFileType = wrapper.cfbundle; includeInIndex = 0; path = SymbolViewerUITests.xctest; sourceTree = BUILT_PRODUCTS_DIR; };
		2A2AE7D520C0E4FE00793A14 /* SymbolViewerUITests.swift */ = {isa = PBXFileReference; lastKnownFileType = sourcecode.swift; path = SymbolViewerUITests.swift; sourceTree = "<group>"; };
		2A2AE7D720C0E4FE00793A14 /* Info.plist */ = {isa = PBXFileReference; lastKnownFileType = text.plist.xml; path = Info.plist; sourceTree = "<group>"; };
		2A2AE7E320C0E65200793A14 /* SymbolLoader.swift */ = {isa = PBXFileReference; lastKnownFileType = sourcecode.swift; path = SymbolLoader.swift; sourceTree = "<group>"; };
		2A2AE7E620C0E6A500793A14 /* VlinkSymbol.swift */ = {isa = PBXFileReference; lastKnownFileType = sourcecode.swift; path = VlinkSymbol.swift; sourceTree = "<group>"; };
		2A2AE7EC20C117AE00793A14 /* MainMenuWindow.swift */ = {isa = PBXFileReference; lastKnownFileType = sourcecode.swift; path = MainMenuWindow.swift; sourceTree = "<group>"; };
/* End PBXFileReference section */

/* Begin PBXFrameworksBuildPhase section */
		2A2AE7B320C0E4FD00793A14 /* Frameworks */ = {
			isa = PBXFrameworksBuildPhase;
			buildActionMask = 2147483647;
			files = (
			);
			runOnlyForDeploymentPostprocessing = 0;
		};
		2A2AE7C320C0E4FE00793A14 /* Frameworks */ = {
			isa = PBXFrameworksBuildPhase;
			buildActionMask = 2147483647;
			files = (
			);
			runOnlyForDeploymentPostprocessing = 0;
		};
		2A2AE7CE20C0E4FE00793A14 /* Frameworks */ = {
			isa = PBXFrameworksBuildPhase;
			buildActionMask = 2147483647;
			files = (
			);
			runOnlyForDeploymentPostprocessing = 0;
		};
/* End PBXFrameworksBuildPhase section */

/* Begin PBXGroup section */
		2A2AE7AD20C0E4FD00793A14 = {
			isa = PBXGroup;
			children = (
				2A2AE7B820C0E4FD00793A14 /* SymbolViewer */,
				2A2AE7C920C0E4FE00793A14 /* SymbolViewerTests */,
				2A2AE7D420C0E4FE00793A14 /* SymbolViewerUITests */,
				2A2AE7B720C0E4FD00793A14 /* Products */,
			);
			sourceTree = "<group>";
		};
		2A2AE7B720C0E4FD00793A14 /* Products */ = {
			isa = PBXGroup;
			children = (
				2A2AE7B620C0E4FD00793A14 /* SymbolViewer.app */,
				2A2AE7C620C0E4FE00793A14 /* SymbolViewerTests.xctest */,
				2A2AE7D120C0E4FE00793A14 /* SymbolViewerUITests.xctest */,
			);
			name = Products;
			sourceTree = "<group>";
		};
		2A2AE7B820C0E4FD00793A14 /* SymbolViewer */ = {
			isa = PBXGroup;
			children = (
				2A2AE7B920C0E4FD00793A14 /* AppDelegate.swift */,
				2A2AE7BB20C0E4FE00793A14 /* Assets.xcassets */,
				2A2AE7BD20C0E4FE00793A14 /* MainMenu.xib */,
				2A2AE7EC20C117AE00793A14 /* MainMenuWindow.swift */,
				2A2AE7E320C0E65200793A14 /* SymbolLoader.swift */,
				2A2AE7E520C0E69600793A14 /* Instances */,
				2A2AE7C020C0E4FE00793A14 /* Info.plist */,
				2A2AE7C120C0E4FE00793A14 /* SymbolViewer.entitlements */,
			);
			path = SymbolViewer;
			sourceTree = "<group>";
		};
		2A2AE7C920C0E4FE00793A14 /* SymbolViewerTests */ = {
			isa = PBXGroup;
			children = (
				2A2AE7CA20C0E4FE00793A14 /* SymbolViewerTests.swift */,
				2A2AE7CC20C0E4FE00793A14 /* Info.plist */,
			);
			path = SymbolViewerTests;
			sourceTree = "<group>";
		};
		2A2AE7D420C0E4FE00793A14 /* SymbolViewerUITests */ = {
			isa = PBXGroup;
			children = (
				2A2AE7D520C0E4FE00793A14 /* SymbolViewerUITests.swift */,
				2A2AE7D720C0E4FE00793A14 /* Info.plist */,
			);
			path = SymbolViewerUITests;
			sourceTree = "<group>";
		};
		2A2AE7E520C0E69600793A14 /* Instances */ = {
			isa = PBXGroup;
			children = (
				2A2AE7E620C0E6A500793A14 /* VlinkSymbol.swift */,
			);
			path = Instances;
			sourceTree = "<group>";
		};
/* End PBXGroup section */

/* Begin PBXNativeTarget section */
		2A2AE7B520C0E4FD00793A14 /* SymbolViewer */ = {
			isa = PBXNativeTarget;
			buildConfigurationList = 2A2AE7DA20C0E4FE00793A14 /* Build configuration list for PBXNativeTarget "SymbolViewer" */;
			buildPhases = (
				2A2AE7B220C0E4FD00793A14 /* Sources */,
				2A2AE7B320C0E4FD00793A14 /* Frameworks */,
				2A2AE7B420C0E4FD00793A14 /* Resources */,
			);
			buildRules = (
			);
			dependencies = (
			);
			name = SymbolViewer;
			productName = SymbolViewer;
			productReference = 2A2AE7B620C0E4FD00793A14 /* SymbolViewer.app */;
			productType = "com.apple.product-type.application";
		};
		2A2AE7C520C0E4FE00793A14 /* SymbolViewerTests */ = {
			isa = PBXNativeTarget;
			buildConfigurationList = 2A2AE7DD20C0E4FE00793A14 /* Build configuration list for PBXNativeTarget "SymbolViewerTests" */;
			buildPhases = (
				2A2AE7C220C0E4FE00793A14 /* Sources */,
				2A2AE7C320C0E4FE00793A14 /* Frameworks */,
				2A2AE7C420C0E4FE00793A14 /* Resources */,
			);
			buildRules = (
			);
			dependencies = (
				2A2AE7C820C0E4FE00793A14 /* PBXTargetDependency */,
			);
			name = SymbolViewerTests;
			productName = SymbolViewerTests;
			productReference = 2A2AE7C620C0E4FE00793A14 /* SymbolViewerTests.xctest */;
			productType = "com.apple.product-type.bundle.unit-test";
		};
		2A2AE7D020C0E4FE00793A14 /* SymbolViewerUITests */ = {
			isa = PBXNativeTarget;
			buildConfigurationList = 2A2AE7E020C0E4FE00793A14 /* Build configuration list for PBXNativeTarget "SymbolViewerUITests" */;
			buildPhases = (
				2A2AE7CD20C0E4FE00793A14 /* Sources */,
				2A2AE7CE20C0E4FE00793A14 /* Frameworks */,
				2A2AE7CF20C0E4FE00793A14 /* Resources */,
			);
			buildRules = (
			);
			dependencies = (
				2A2AE7D320C0E4FE00793A14 /* PBXTargetDependency */,
			);
			name = SymbolViewerUITests;
			productName = SymbolViewerUITests;
			productReference = 2A2AE7D120C0E4FE00793A14 /* SymbolViewerUITests.xctest */;
			productType = "com.apple.product-type.bundle.ui-testing";
		};
/* End PBXNativeTarget section */

/* Begin PBXProject section */
		2A2AE7AE20C0E4FD00793A14 /* Project object */ = {
			isa = PBXProject;
			attributes = {
				LastSwiftUpdateCheck = 0940;
				LastUpgradeCheck = 0940;
				ORGANIZATIONNAME = Kate;
				TargetAttributes = {
					2A2AE7B520C0E4FD00793A14 = {
						CreatedOnToolsVersion = 9.4;
					};
					2A2AE7C520C0E4FE00793A14 = {
						CreatedOnToolsVersion = 9.4;
						TestTargetID = 2A2AE7B520C0E4FD00793A14;
					};
					2A2AE7D020C0E4FE00793A14 = {
						CreatedOnToolsVersion = 9.4;
						TestTargetID = 2A2AE7B520C0E4FD00793A14;
					};
				};
			};
			buildConfigurationList = 2A2AE7B120C0E4FD00793A14 /* Build configuration list for PBXProject "SymbolViewer" */;
			compatibilityVersion = "Xcode 9.3";
			developmentRegion = en;
			hasScannedForEncodings = 0;
			knownRegions = (
				en,
				Base,
			);
			mainGroup = 2A2AE7AD20C0E4FD00793A14;
			productRefGroup = 2A2AE7B720C0E4FD00793A14 /* Products */;
			projectDirPath = "";
			projectRoot = "";
			targets = (
				2A2AE7B520C0E4FD00793A14 /* SymbolViewer */,
				2A2AE7C520C0E4FE00793A14 /* SymbolViewerTests */,
				2A2AE7D020C0E4FE00793A14 /* SymbolViewerUITests */,
			);
		};
/* End PBXProject section */

/* Begin PBXResourcesBuildPhase section */
		2A2AE7B420C0E4FD00793A14 /* Resources */ = {
			isa = PBXResourcesBuildPhase;
			buildActionMask = 2147483647;
			files = (
				2A2AE7BC20C0E4FE00793A14 /* Assets.xcassets in Resources */,
				2A2AE7BF20C0E4FE00793A14 /* MainMenu.xib in Resources */,
			);
			runOnlyForDeploymentPostprocessing = 0;
		};
		2A2AE7C420C0E4FE00793A14 /* Resources */ = {
			isa = PBXResourcesBuildPhase;
			buildActionMask = 2147483647;
			files = (
			);
			runOnlyForDeploymentPostprocessing = 0;
		};
		2A2AE7CF20C0E4FE00793A14 /* Resources */ = {
			isa = PBXResourcesBuildPhase;
			buildActionMask = 2147483647;
			files = (
			);
			runOnlyForDeploymentPostprocessing = 0;
		};
/* End PBXResourcesBuildPhase section */

/* Begin PBXSourcesBuildPhase section */
		2A2AE7B220C0E4FD00793A14 /* Sources */ = {
			isa = PBXSourcesBuildPhase;
			buildActionMask = 2147483647;
			files = (
				2A2AE7E420C0E65200793A14 /* SymbolLoader.swift in Sources */,
				2A2AE7ED20C117AE00793A14 /* MainMenuWindow.swift in Sources */,
				2A2AE7BA20C0E4FD00793A14 /* AppDelegate.swift in Sources */,
				2A2AE7E720C0E6A500793A14 /* VlinkSymbol.swift in Sources */,
			);
			runOnlyForDeploymentPostprocessing = 0;
		};
		2A2AE7C220C0E4FE00793A14 /* Sources */ = {
			isa = PBXSourcesBuildPhase;
			buildActionMask = 2147483647;
			files = (
				2A2AE7CB20C0E4FE00793A14 /* SymbolViewerTests.swift in Sources */,
			);
			runOnlyForDeploymentPostprocessing = 0;
		};
		2A2AE7CD20C0E4FE00793A14 /* Sources */ = {
			isa = PBXSourcesBuildPhase;
			buildActionMask = 2147483647;
			files = (
				2A2AE7D620C0E4FE00793A14 /* SymbolViewerUITests.swift in Sources */,
			);
			runOnlyForDeploymentPostprocessing = 0;
		};
/* End PBXSourcesBuildPhase section */

/* Begin PBXTargetDependency section */
		2A2AE7C820C0E4FE00793A14 /* PBXTargetDependency */ = {
			isa = PBXTargetDependency;
			target = 2A2AE7B520C0E4FD00793A14 /* SymbolViewer */;
			targetProxy = 2A2AE7C720C0E4FE00793A14 /* PBXContainerItemProxy */;
		};
		2A2AE7D320C0E4FE00793A14 /* PBXTargetDependency */ = {
			isa = PBXTargetDependency;
			target = 2A2AE7B520C0E4FD00793A14 /* SymbolViewer */;
			targetProxy = 2A2AE7D220C0E4FE00793A14 /* PBXContainerItemProxy */;
		};
/* End PBXTargetDependency section */

/* Begin PBXVariantGroup section */
		2A2AE7BD20C0E4FE00793A14 /* MainMenu.xib */ = {
			isa = PBXVariantGroup;
			children = (
				2A2AE7BE20C0E4FE00793A14 /* Base */,
			);
			name = MainMenu.xib;
			sourceTree = "<group>";
		};
/* End PBXVariantGroup section */

/* Begin XCBuildConfiguration section */
		2A2AE7D820C0E4FE00793A14 /* Debug */ = {
			isa = XCBuildConfiguration;
			buildSettings = {
				ALWAYS_SEARCH_USER_PATHS = NO;
				CLANG_ANALYZER_NONNULL = YES;
				CLANG_ANALYZER_NUMBER_OBJECT_CONVERSION = YES_AGGRESSIVE;
				CLANG_CXX_LANGUAGE_STANDARD = "gnu++14";
				CLANG_CXX_LIBRARY = "libc++";
				CLANG_ENABLE_MODULES = YES;
				CLANG_ENABLE_OBJC_ARC = YES;
				CLANG_ENABLE_OBJC_WEAK = YES;
				CLANG_WARN_BLOCK_CAPTURE_AUTORELEASING = YES;
				CLANG_WARN_BOOL_CONVERSION = YES;
				CLANG_WARN_COMMA = YES;
				CLANG_WARN_CONSTANT_CONVERSION = YES;
				CLANG_WARN_DEPRECATED_OBJC_IMPLEMENTATIONS = YES;
				CLANG_WARN_DIRECT_OBJC_ISA_USAGE = YES_ERROR;
				CLANG_WARN_DOCUMENTATION_COMMENTS = YES;
				CLANG_WARN_EMPTY_BODY = YES;
				CLANG_WARN_ENUM_CONVERSION = YES;
				CLANG_WARN_INFINITE_RECURSION = YES;
				CLANG_WARN_INT_CONVERSION = YES;
				CLANG_WARN_NON_LITERAL_NULL_CONVERSION = YES;
				CLANG_WARN_OBJC_IMPLICIT_RETAIN_SELF = YES;
				CLANG_WARN_OBJC_LITERAL_CONVERSION = YES;
				CLANG_WARN_OBJC_ROOT_CLASS = YES_ERROR;
				CLANG_WARN_RANGE_LOOP_ANALYSIS = YES;
				CLANG_WARN_STRICT_PROTOTYPES = YES;
				CLANG_WARN_SUSPICIOUS_MOVE = YES;
				CLANG_WARN_UNGUARDED_AVAILABILITY = YES_AGGRESSIVE;
				CLANG_WARN_UNREACHABLE_CODE = YES;
				CLANG_WARN__DUPLICATE_METHOD_MATCH = YES;
				CODE_SIGN_IDENTITY = "-";
				COPY_PHASE_STRIP = NO;
				DEBUG_INFORMATION_FORMAT = dwarf;
				ENABLE_STRICT_OBJC_MSGSEND = YES;
				ENABLE_TESTABILITY = YES;
				GCC_C_LANGUAGE_STANDARD = gnu11;
				GCC_DYNAMIC_NO_PIC = NO;
				GCC_NO_COMMON_BLOCKS = YES;
				GCC_OPTIMIZATION_LEVEL = 0;
				GCC_PREPROCESSOR_DEFINITIONS = (
					"DEBUG=1",
					"$(inherited)",
				);
				GCC_WARN_64_TO_32_BIT_CONVERSION = YES;
				GCC_WARN_ABOUT_RETURN_TYPE = YES_ERROR;
				GCC_WARN_UNDECLARED_SELECTOR = YES;
				GCC_WARN_UNINITIALIZED_AUTOS = YES_AGGRESSIVE;
				GCC_WARN_UNUSED_FUNCTION = YES;
				GCC_WARN_UNUSED_VARIABLE = YES;
				MACOSX_DEPLOYMENT_TARGET = 10.13;
				MTL_ENABLE_DEBUG_INFO = YES;
				ONLY_ACTIVE_ARCH = YES;
				SDKROOT = macosx;
				SWIFT_ACTIVE_COMPILATION_CONDITIONS = DEBUG;
				SWIFT_OPTIMIZATION_LEVEL = "-Onone";
			};
			name = Debug;
		};
		2A2AE7D920C0E4FE00793A14 /* Release */ = {
			isa = XCBuildConfiguration;
			buildSettings = {
				ALWAYS_SEARCH_USER_PATHS = NO;
				CLANG_ANALYZER_NONNULL = YES;
				CLANG_ANALYZER_NUMBER_OBJECT_CONVERSION = YES_AGGRESSIVE;
				CLANG_CXX_LANGUAGE_STANDARD = "gnu++14";
				CLANG_CXX_LIBRARY = "libc++";
				CLANG_ENABLE_MODULES = YES;
				CLANG_ENABLE_OBJC_ARC = YES;
				CLANG_ENABLE_OBJC_WEAK = YES;
				CLANG_WARN_BLOCK_CAPTURE_AUTORELEASING = YES;
				CLANG_WARN_BOOL_CONVERSION = YES;
				CLANG_WARN_COMMA = YES;
				CLANG_WARN_CONSTANT_CONVERSION = YES;
				CLANG_WARN_DEPRECATED_OBJC_IMPLEMENTATIONS = YES;
				CLANG_WARN_DIRECT_OBJC_ISA_USAGE = YES_ERROR;
				CLANG_WARN_DOCUMENTATION_COMMENTS = YES;
				CLANG_WARN_EMPTY_BODY = YES;
				CLANG_WARN_ENUM_CONVERSION = YES;
				CLANG_WARN_INFINITE_RECURSION = YES;
				CLANG_WARN_INT_CONVERSION = YES;
				CLANG_WARN_NON_LITERAL_NULL_CONVERSION = YES;
				CLANG_WARN_OBJC_IMPLICIT_RETAIN_SELF = YES;
				CLANG_WARN_OBJC_LITERAL_CONVERSION = YES;
				CLANG_WARN_OBJC_ROOT_CLASS = YES_ERROR;
				CLANG_WARN_RANGE_LOOP_ANALYSIS = YES;
				CLANG_WARN_STRICT_PROTOTYPES = YES;
				CLANG_WARN_SUSPICIOUS_MOVE = YES;
				CLANG_WARN_UNGUARDED_AVAILABILITY = YES_AGGRESSIVE;
				CLANG_WARN_UNREACHABLE_CODE = YES;
				CLANG_WARN__DUPLICATE_METHOD_MATCH = YES;
				CODE_SIGN_IDENTITY = "-";
				COPY_PHASE_STRIP = NO;
				DEBUG_INFORMATION_FORMAT = "dwarf-with-dsym";
				ENABLE_NS_ASSERTIONS = NO;
				ENABLE_STRICT_OBJC_MSGSEND = YES;
				GCC_C_LANGUAGE_STANDARD = gnu11;
				GCC_NO_COMMON_BLOCKS = YES;
				GCC_WARN_64_TO_32_BIT_CONVERSION = YES;
				GCC_WARN_ABOUT_RETURN_TYPE = YES_ERROR;
				GCC_WARN_UNDECLARED_SELECTOR = YES;
				GCC_WARN_UNINITIALIZED_AUTOS = YES_AGGRESSIVE;
				GCC_WARN_UNUSED_FUNCTION = YES;
				GCC_WARN_UNUSED_VARIABLE = YES;
				MACOSX_DEPLOYMENT_TARGET = 10.13;
				MTL_ENABLE_DEBUG_INFO = NO;
				SDKROOT = macosx;
				SWIFT_COMPILATION_MODE = wholemodule;
				SWIFT_OPTIMIZATION_LEVEL = "-O";
			};
			name = Release;
		};
		2A2AE7DB20C0E4FE00793A14 /* Debug */ = {
			isa = XCBuildConfiguration;
			buildSettings = {
				ASSETCATALOG_COMPILER_APPICON_NAME = AppIcon;
				CODE_SIGN_ENTITLEMENTS = SymbolViewer/SymbolViewer.entitlements;
				CODE_SIGN_STYLE = Automatic;
				COMBINE_HIDPI_IMAGES = YES;
				INFOPLIST_FILE = SymbolViewer/Info.plist;
				LD_RUNPATH_SEARCH_PATHS = (
					"$(inherited)",
					"@executable_path/../Frameworks",
				);
				PRODUCT_BUNDLE_IDENTIFIER = com.luigithirty.SymbolViewer;
				PRODUCT_NAME = "$(TARGET_NAME)";
				SWIFT_VERSION = 4.0;
			};
			name = Debug;
		};
		2A2AE7DC20C0E4FE00793A14 /* Release */ = {
			isa = XCBuildConfiguration;
			buildSettings = {
				ASSETCATALOG_COMPILER_APPICON_NAME = AppIcon;
				CODE_SIGN_ENTITLEMENTS = SymbolViewer/SymbolViewer.entitlements;
				CODE_SIGN_STYLE = Automatic;
				COMBINE_HIDPI_IMAGES = YES;
				INFOPLIST_FILE = SymbolViewer/Info.plist;
				LD_RUNPATH_SEARCH_PATHS = (
					"$(inherited)",
					"@executable_path/../Frameworks",
				);
				PRODUCT_BUNDLE_IDENTIFIER = com.luigithirty.SymbolViewer;
				PRODUCT_NAME = "$(TARGET_NAME)";
				SWIFT_VERSION = 4.0;
			};
			name = Release;
		};
		2A2AE7DE20C0E4FE00793A14 /* Debug */ = {
			isa = XCBuildConfiguration;
			buildSettings = {
				ALWAYS_EMBED_SWIFT_STANDARD_LIBRARIES = YES;
				BUNDLE_LOADER = "$(TEST_HOST)";
				CODE_SIGN_STYLE = Automatic;
				COMBINE_HIDPI_IMAGES = YES;
				INFOPLIST_FILE = SymbolViewerTests/Info.plist;
				LD_RUNPATH_SEARCH_PATHS = (
					"$(inherited)",
					"@executable_path/../Frameworks",
					"@loader_path/../Frameworks",
				);
				PRODUCT_BUNDLE_IDENTIFIER = com.luigithirty.SymbolViewerTests;
				PRODUCT_NAME = "$(TARGET_NAME)";
				SWIFT_VERSION = 4.0;
				TEST_HOST = "$(BUILT_PRODUCTS_DIR)/SymbolViewer.app/Contents/MacOS/SymbolViewer";
			};
			name = Debug;
		};
		2A2AE7DF20C0E4FE00793A14 /* Release */ = {
			isa = XCBuildConfiguration;
			buildSettings = {
				ALWAYS_EMBED_SWIFT_STANDARD_LIBRARIES = YES;
				BUNDLE_LOADER = "$(TEST_HOST)";
				CODE_SIGN_STYLE = Automatic;
				COMBINE_HIDPI_IMAGES = YES;
				INFOPLIST_FILE = SymbolViewerTests/Info.plist;
				LD_RUNPATH_SEARCH_PATHS = (
					"$(inherited)",
					"@executable_path/../Frameworks",
					"@loader_path/../Frameworks",
				);
				PRODUCT_BUNDLE_IDENTIFIER = com.luigithirty.SymbolViewerTests;
				PRODUCT_NAME = "$(TARGET_NAME)";
				SWIFT_VERSION = 4.0;
				TEST_HOST = "$(BUILT_PRODUCTS_DIR)/SymbolViewer.app/Contents/MacOS/SymbolViewer";
			};
			name = Release;
		};
		2A2AE7E120C0E4FE00793A14 /* Debug */ = {
			isa = XCBuildConfiguration;
			buildSettings = {
				ALWAYS_EMBED_SWIFT_STANDARD_LIBRARIES = YES;
				CODE_SIGN_STYLE = Automatic;
				COMBINE_HIDPI_IMAGES = YES;
				INFOPLIST_FILE = SymbolViewerUITests/Info.plist;
				LD_RUNPATH_SEARCH_PATHS = (
					"$(inherited)",
					"@executable_path/../Frameworks",
					"@loader_path/../Frameworks",
				);
				PRODUCT_BUNDLE_IDENTIFIER = com.luigithirty.SymbolViewerUITests;
				PRODUCT_NAME = "$(TARGET_NAME)";
				SWIFT_VERSION = 4.0;
				TEST_TARGET_NAME = SymbolViewer;
			};
			name = Debug;
		};
		2A2AE7E220C0E4FE00793A14 /* Release */ = {
			isa = XCBuildConfiguration;
			buildSettings = {
				ALWAYS_EMBED_SWIFT_STANDARD_LIBRARIES = YES;
				CODE_SIGN_STYLE = Automatic;
				COMBINE_HIDPI_IMAGES = YES;
				INFOPLIST_FILE = SymbolViewerUITests/Info.plist;
				LD_RUNPATH_SEARCH_PATHS = (
					"$(inherited)",
					"@executable_path/../Frameworks",
					"@loader_path/../Frameworks",
				);
				PRODUCT_BUNDLE_IDENTIFIER = com.luigithirty.SymbolViewerUITests;
				PRODUCT_NAME = "$(TARGET_NAME)";
				SWIFT_VERSION = 4.0;
				TEST_TARGET_NAME = SymbolViewer;
			};
			name = Release;
		};
/* End XCBuildConfiguration section */

/* Begin XCConfigurationList section */
		2A2AE7B120C0E4FD00793A14 /* Build configuration list for PBXProject "SymbolViewer" */ = {
			isa = XCConfigurationList;
			buildConfigurations = (
				2A2AE7D820C0E4FE00793A14 /* Debug */,
				2A2AE7D920C0E4FE00793A14 /* Release */,
			);
			defaultConfigurationIsVisible = 0;
			defaultConfigurationName = Release;
		};
		2A2AE7DA20C0E4FE00793A14 /* Build configuration list for PBXNativeTarget "SymbolViewer" */ = {
			isa = XCConfigurationList;
			buildConfigurations = (
				2A2AE7DB20C0E4FE00793A14 /* Debug */,
				2A2AE7DC20C0E4FE00793A14 /* Release */,
			);
			defaultConfigurationIsVisible = 0;
			defaultConfigurationName = Release;
		};
		2A2AE7DD20C0E4FE00793A14 /* Build configuration list for PBXNativeTarget "SymbolViewerTests" */ = {
			isa = XCConfigurationList;
			buildConfigurations = (
				2A2AE7DE20C0E4FE00793A14 /* Debug */,
				2A2AE7DF20C0E4FE00793A14 /* Release */,
			);
			defaultConfigurationIsVisible = 0;
			defaultConfigurationName = Release;
		};
		2A2AE7E020C0E4FE00793A14 /* Build configuration list for PBXNativeTarget "SymbolViewerUITests" */ = {
			isa = XCConfigurationList;
			buildConfigurations = (
				2A2AE7E120C0E4FE00793A14 /* Debug */,
				2A2AE7E220C0E4FE00793A14 /* Release */,
			);
			defaultConfigurationIsVisible = 0;
			defaultConfigurationName = Release;
		};
/* End XCConfigurationList section */
	};
	rootObject = 2A2AE7AE20C0E4FD00793A14 /* Project object */;
}
